
Microsoft Visual Studio Solution File, Format Version 12.00
# Visual Studio 14
VisualStudioVersion = 14.0.25420.1
MinimumVisualStudioVersion = 10.0.40219.1
Project("{FAE04EC0-301F-11D3-BF4B-00C04F79EFBC}") = "Exo1", "Exo1\Exo1.csproj", "{B3BCA766-15D8-4AAB-B4A0-0F2FBE248F6B}"
EndProject
Global
	GlobalSection(SolutionConfigurationPlatforms) = preSolution
		Debug|Any CPU = Debug|Any CPU
		Release|Any CPU = Release|Any CPU
	EndGlobalSection
	GlobalSection(ProjectConfigurationPlatforms) = postSolution
		{B3BCA766-15D8-4AAB-B4A0-0F2FBE248F6B}.Debug|Any CPU.ActiveCfg = Debug|Any CPU
		{B3BCA766-15D8-4AAB-B4A0-0F2FBE248F6B}.Debug|Any CPU.Build.0 = Debug|Any CPU
		{B3BCA766-15D8-4AAB-B4A0-0F2FBE248F6B}.Release|Any CPU.ActiveCfg = Release|Any CPU
		{B3BCA766-15D8-4AAB-B4A0-0F2FBE248F6B}.Release|Any CPU.Build.0 = Release|Any CPU
	EndGlobalSection
	GlobalSection(SolutionProperties) = preSolution
		HideSolutionNode = FALSE
	EndGlobalSection
EndGlobal
